{
  "name": "minimal-xml-parser",
  "version": "0.0.1",
  "lockfileVersion": 1,
  "requires": true,
  "dependencies": {
    "assertion-error": {
      "version": "1.1.0",
      "resolved": "https://registry.npmjs.org/assertion-error/-/assertion-error-1.1.0.tgz",
      "integrity": "sha512-jgsaNduz+ndvGyFt3uSuWqvy4lCnIJiovtouQN5JZHOKCS2QuhEdbcQHFhVksz2N2U9hXJo8odG7ETyWlEeuDw==",
      "dev": true
    },
    "chai": {
      "version": "4.2.0",
      "resolved": "https://registry.npmjs.org/chai/-/chai-4.2.0.tgz",
      "integrity": "sha512-XQU3bhBukrOsQCuwZndwGcCVQHyZi53fQ6Ys1Fym7E4olpIqqZZhhoFJoaKVvV17lWQoXYwgWN2nF5crA8J2jw==",
      "dev": true,
      "requires": {
        "assertion-error": "^1.1.0",
        "check-error": "^1.0.2",
        "deep-eql": "^3.0.1",
        "get-func-name": "^2.0.0",
        "pathval": "^1.1.0",
        "type-detect": "^4.0.5"
      }
    },
    "check-error": {
      "version": "1.0.2",
      "resolved": "https://registry.npmjs.org/check-error/-/check-error-1.0.2.tgz",
      "integrity": "sha1-V00xLt2Iu13YkS6Sht1sCu1KrII=",
      "dev": true
    },
    "deep-eql": {
      "version": "3.0.1",
      "resolved": "https://registry.npmjs.org/deep-eql/-/deep-eql-3.0.1.tgz",
      "integrity": "sha512-+QeIQyN5ZuO+3Uk5DYh6/1eKO0m0YmJFGNmFHGACpf1ClL1nmlV/p4gNgbl2pJGxgXb4faqo6UE+M5ACEMyVcw==",
      "dev": true,
      "requires": {
        "type-detect": "^4.0.0"
      }
    },
    "expressive-test": {
      "version": "file:../expressive-test",
      "dev": true,
      "requires": {
        "chai": "^4.1.2",
        "expressive-test-util": "file:../expressive-test-util",
        "glob": "^7.1.2"
      },
      "dependencies": {
        "@sinonjs/commons": {
          "version": "1.4.0",
          "bundled": true,
          "requires": {
            "type-detect": "4.0.8"
          }
        },
        "@sinonjs/formatio": {
          "version": "2.0.0",
          "bundled": true,
          "requires": {
            "samsam": "1.3.0"
          }
        },
        "@sinonjs/samsam": {
          "version": "3.3.1",
          "bundled": true,
          "requires": {
            "@sinonjs/commons": "^1.0.2",
            "array-from": "^2.1.1",
            "lodash": "^4.17.11"
          }
        },
        "@sinonjs/text-encoding": {
          "version": "0.7.1",
          "bundled": true
        },
        "array-from": {
          "version": "2.1.1",
          "bundled": true
        },
        "assertion-error": {
          "version": "1.1.0",
          "bundled": true
        },
        "balanced-match": {
          "version": "1.0.0",
          "bundled": true
        },
        "brace-expansion": {
          "version": "1.1.11",
          "bundled": true,
          "requires": {
            "balanced-match": "^1.0.0",
            "concat-map": "0.0.1"
          }
        },
        "chai": {
          "version": "4.2.0",
          "bundled": true,
          "requires": {
            "assertion-error": "^1.1.0",
            "check-error": "^1.0.2",
            "deep-eql": "^3.0.1",
            "get-func-name": "^2.0.0",
            "pathval": "^1.1.0",
            "type-detect": "^4.0.5"
          }
        },
        "chai-as-promised": {
          "version": "7.1.1",
          "bundled": true,
          "requires": {
            "check-error": "^1.0.2"
          }
        },
        "check-error": {
          "version": "1.0.2",
          "bundled": true
        },
        "concat-map": {
          "version": "0.0.1",
          "bundled": true
        },
        "deep-eql": {
          "version": "3.0.1",
          "bundled": true,
          "requires": {
            "type-detect": "^4.0.0"
          }
        },
        "diff": {
          "version": "3.5.0",
          "bundled": true
        },
        "expressive-test-util": {
          "version": "file:../expressive-test-util",
          "bundled": true,
          "requires": {
            "extend": "^3.0.1"
          },
          "dependencies": {
            "@sinonjs/commons": {
              "version": "1.4.0",
              "bundled": true,
              "requires": {
                "type-detect": "4.0.8"
              }
            },
            "@sinonjs/formatio": {
              "version": "2.0.0",
              "bundled": true,
              "requires": {
                "samsam": "1.3.0"
              }
            },
            "@sinonjs/samsam": {
              "version": "3.3.1",
              "bundled": true,
              "requires": {
                "@sinonjs/commons": "^1.0.2",
                "array-from": "^2.1.1",
                "lodash": "^4.17.11"
              }
            },
            "@sinonjs/text-encoding": {
              "version": "0.7.1",
              "bundled": true
            },
            "array-from": {
              "version": "2.1.1",
              "bundled": true
            },
            "assertion-error": {
              "version": "1.1.0",
              "bundled": true
            },
            "chai": {
              "version": "4.2.0",
              "bundled": true,
              "requires": {
                "assertion-error": "^1.1.0",
                "check-error": "^1.0.2",
                "deep-eql": "^3.0.1",
                "get-func-name": "^2.0.0",
                "pathval": "^1.1.0",
                "type-detect": "^4.0.5"
              }
            },
            "chai-as-promised": {
              "version": "7.1.1",
              "bundled": true,
              "requires": {
                "check-error": "^1.0.2"
              }
            },
            "check-error": {
              "version": "1.0.2",
              "bundled": true
            },
            "deep-eql": {
              "version": "3.0.1",
              "bundled": true,
              "requires": {
                "type-detect": "^4.0.0"
              }
            },
            "diff": {
              "version": "3.5.0",
              "bundled": true
            },
            "expressive-test": {
              "version": "0.0.2",
              "bundled": true,
              "requires": {
                "chai": "^4.1.2",
                "expressive-test-util": "file:../expressive-test-util",
                "glob": "^7.1.2"
              },
              "dependencies": {
                "@sinonjs/commons": {
                  "version": "1.4.0",
                  "bundled": true,
                  "requires": {
                    "type-detect": "4.0.8"
                  }
                },
                "@sinonjs/formatio": {
                  "version": "2.0.0",
                  "bundled": true,
                  "requires": {
                    "samsam": "1.3.0"
                  }
                },
                "@sinonjs/samsam": {
                  "version": "3.3.1",
                  "bundled": true,
                  "requires": {
                    "@sinonjs/commons": "^1.0.2",
                    "array-from": "^2.1.1",
                    "lodash": "^4.17.11"
                  }
                },
                "@sinonjs/text-encoding": {
                  "version": "0.7.1",
                  "bundled": true
                },
                "array-from": {
                  "version": "2.1.1",
                  "bundled": true
                },
                "assertion-error": {
                  "version": "1.1.0",
                  "bundled": true
                },
                "balanced-match": {
                  "version": "1.0.0",
                  "bundled": true
                },
                "brace-expansion": {
                  "version": "1.1.11",
                  "bundled": true,
                  "requires": {
                    "balanced-match": "^1.0.0",
                    "concat-map": "0.0.1"
                  }
                },
                "chai": {
                  "version": "4.2.0",
                  "bundled": true,
                  "requires": {
                    "assertion-error": "^1.1.0",
                    "check-error": "^1.0.2",
                    "deep-eql": "^3.0.1",
                    "get-func-name": "^2.0.0",
                    "pathval": "^1.1.0",
                    "type-detect": "^4.0.5"
                  }
                },
                "chai-as-promised": {
                  "version": "7.1.1",
                  "bundled": true,
                  "requires": {
                    "check-error": "^1.0.2"
                  }
                },
                "check-error": {
                  "version": "1.0.2",
                  "bundled": true
                },
                "concat-map": {
                  "version": "0.0.1",
                  "bundled": true
                },
                "deep-eql": {
                  "version": "3.0.1",
                  "bundled": true,
                  "requires": {
                    "type-detect": "^4.0.0"
                  }
                },
                "diff": {
                  "version": "3.5.0",
                  "bundled": true
                },
                "expressive-test-util": {
                  "version": "file:../expressive-test-util",
                  "bundled": true,
                  "requires": {
                    "extend": "^3.0.1"
                  },
                  "dependencies": {}
                },
                "fs.realpath": {
                  "version": "1.0.0",
                  "bundled": true
                },
                "get-func-name": {
                  "version": "2.0.0",
                  "bundled": true
                },
                "glob": {
                  "version": "7.1.3",
                  "bundled": true,
                  "requires": {
                    "fs.realpath": "^1.0.0",
                    "inflight": "^1.0.4",
                    "inherits": "2",
                    "minimatch": "^3.0.4",
                    "once": "^1.3.0",
                    "path-is-absolute": "^1.0.0"
                  }
                },
                "has-flag": {
                  "version": "3.0.0",
                  "bundled": true
                },
                "inflight": {
                  "version": "1.0.6",
                  "bundled": true,
                  "requires": {
                    "once": "^1.3.0",
                    "wrappy": "1"
                  }
                },
                "inherits": {
                  "version": "2.0.3",
                  "bundled": true
                },
                "isarray": {
                  "version": "0.0.1",
                  "bundled": true
                },
                "just-extend": {
                  "version": "4.0.2",
                  "bundled": true
                },
                "lodash": {
                  "version": "4.17.11",
                  "bundled": true
                },
                "lodash.get": {
                  "version": "4.4.2",
                  "bundled": true
                },
                "lolex": {
                  "version": "2.7.5",
                  "bundled": true
                },
                "minimatch": {
                  "version": "3.0.4",
                  "bundled": true,
                  "requires": {
                    "brace-expansion": "^1.1.7"
                  }
                },
                "mock-fs": {
                  "version": "4.8.0",
                  "bundled": true
                },
                "nise": {
                  "version": "1.4.10",
                  "bundled": true,
                  "requires": {
                    "@sinonjs/formatio": "^3.1.0",
                    "@sinonjs/text-encoding": "^0.7.1",
                    "just-extend": "^4.0.2",
                    "lolex": "^2.3.2",
                    "path-to-regexp": "^1.7.0"
                  },
                  "dependencies": {
                    "@sinonjs/formatio": {
                      "version": "3.2.1",
                      "bundled": true,
                      "requires": {
                        "@sinonjs/commons": "^1",
                        "@sinonjs/samsam": "^3.1.0"
                      }
                    }
                  }
                },
                "once": {
                  "version": "1.4.0",
                  "bundled": true,
                  "requires": {
                    "wrappy": "1"
                  }
                },
                "path-is-absolute": {
                  "version": "1.0.1",
                  "bundled": true
                },
                "path-to-regexp": {
                  "version": "1.7.0",
                  "bundled": true,
                  "requires": {
                    "isarray": "0.0.1"
                  }
                },
                "pathval": {
                  "version": "1.1.0",
                  "bundled": true
                },
                "samsam": {
                  "version": "1.3.0",
                  "bundled": true
                },
                "sinon": {
                  "version": "4.5.0",
                  "bundled": true,
                  "requires": {
                    "@sinonjs/formatio": "^2.0.0",
                    "diff": "^3.1.0",
                    "lodash.get": "^4.4.2",
                    "lolex": "^2.2.0",
                    "nise": "^1.2.0",
                    "supports-color": "^5.1.0",
                    "type-detect": "^4.0.5"
                  }
                },
                "sinon-chai": {
                  "version": "2.14.0",
                  "bundled": true
                },
                "supports-color": {
                  "version": "5.5.0",
                  "bundled": true,
                  "requires": {
                    "has-flag": "^3.0.0"
                  }
                },
                "type-detect": {
                  "version": "4.0.8",
                  "bundled": true
                },
                "wrappy": {
                  "version": "1.0.2",
                  "bundled": true
                }
              }
            },
            "extend": {
              "version": "3.0.2",
              "bundled": true
            },
            "get-func-name": {
              "version": "2.0.0",
              "bundled": true
            },
            "has-flag": {
              "version": "3.0.0",
              "bundled": true
            },
            "isarray": {
              "version": "0.0.1",
              "bundled": true
            },
            "just-extend": {
              "version": "4.0.2",
              "bundled": true
            },
            "lodash": {
              "version": "4.17.11",
              "bundled": true
            },
            "lodash.get": {
              "version": "4.4.2",
              "bundled": true
            },
            "lolex": {
              "version": "2.7.5",
              "bundled": true
            },
            "mock-fs": {
              "version": "4.8.0",
              "bundled": true
            },
            "nise": {
              "version": "1.4.10",
              "bundled": true,
              "requires": {
                "@sinonjs/formatio": "^3.1.0",
                "@sinonjs/text-encoding": "^0.7.1",
                "just-extend": "^4.0.2",
                "lolex": "^2.3.2",
                "path-to-regexp": "^1.7.0"
              },
              "dependencies": {
                "@sinonjs/formatio": {
                  "version": "3.2.1",
                  "bundled": true,
                  "requires": {
                    "@sinonjs/commons": "^1",
                    "@sinonjs/samsam": "^3.1.0"
                  }
                }
              }
            },
            "path-to-regexp": {
              "version": "1.7.0",
              "bundled": true,
              "requires": {
                "isarray": "0.0.1"
              }
            },
            "pathval": {
              "version": "1.1.0",
              "bundled": true
            },
            "samsam": {
              "version": "1.3.0",
              "bundled": true
            },
            "sinon": {
              "version": "4.5.0",
              "bundled": true,
              "requires": {
                "@sinonjs/formatio": "^2.0.0",
                "diff": "^3.1.0",
                "lodash.get": "^4.4.2",
                "lolex": "^2.2.0",
                "nise": "^1.2.0",
                "supports-color": "^5.1.0",
                "type-detect": "^4.0.5"
              }
            },
            "sinon-chai": {
              "version": "2.14.0",
              "bundled": true
            },
            "supports-color": {
              "version": "5.5.0",
              "bundled": true,
              "requires": {
                "has-flag": "^3.0.0"
              }
            },
            "type-detect": {
              "version": "4.0.8",
              "bundled": true
            }
          }
        },
        "fs.realpath": {
          "version": "1.0.0",
          "bundled": true
        },
        "get-func-name": {
          "version": "2.0.0",
          "bundled": true
        },
        "glob": {
          "version": "7.1.3",
          "bundled": true,
          "requires": {
            "fs.realpath": "^1.0.0",
            "inflight": "^1.0.4",
            "inherits": "2",
            "minimatch": "^3.0.4",
            "once": "^1.3.0",
            "path-is-absolute": "^1.0.0"
          }
        },
        "has-flag": {
          "version": "3.0.0",
          "bundled": true
        },
        "inflight": {
          "version": "1.0.6",
          "bundled": true,
          "requires": {
            "once": "^1.3.0",
            "wrappy": "1"
          }
        },
        "inherits": {
          "version": "2.0.3",
          "bundled": true
        },
        "isarray": {
          "version": "0.0.1",
          "bundled": true
        },
        "just-extend": {
          "version": "4.0.2",
          "bundled": true
        },
        "lodash": {
          "version": "4.17.11",
          "bundled": true
        },
        "lodash.get": {
          "version": "4.4.2",
          "bundled": true
        },
        "lolex": {
          "version": "2.7.5",
          "bundled": true
        },
        "minimatch": {
          "version": "3.0.4",
          "bundled": true,
          "requires": {
            "brace-expansion": "^1.1.7"
          }
        },
        "mock-fs": {
          "version": "4.8.0",
          "bundled": true
        },
        "nise": {
          "version": "1.4.10",
          "bundled": true,
          "requires": {
            "@sinonjs/formatio": "^3.1.0",
            "@sinonjs/text-encoding": "^0.7.1",
            "just-extend": "^4.0.2",
            "lolex": "^2.3.2",
            "path-to-regexp": "^1.7.0"
          },
          "dependencies": {}
        },
        "once": {
          "version": "1.4.0",
          "bundled": true,
          "requires": {
            "wrappy": "1"
          }
        },
        "path-is-absolute": {
          "version": "1.0.1",
          "bundled": true
        },
        "path-to-regexp": {
          "version": "1.7.0",
          "bundled": true,
          "requires": {
            "isarray": "0.0.1"
          }
        },
        "pathval": {
          "version": "1.1.0",
          "bundled": true
        },
        "samsam": {
          "version": "1.3.0",
          "bundled": true
        },
        "sinon": {
          "version": "4.5.0",
          "bundled": true,
          "requires": {
            "@sinonjs/formatio": "^2.0.0",
            "diff": "^3.1.0",
            "lodash.get": "^4.4.2",
            "lolex": "^2.2.0",
            "nise": "^1.2.0",
            "supports-color": "^5.1.0",
            "type-detect": "^4.0.5"
          }
        },
        "sinon-chai": {
          "version": "2.14.0",
          "bundled": true
        },
        "supports-color": {
          "version": "5.5.0",
          "bundled": true,
          "requires": {
            "has-flag": "^3.0.0"
          }
        },
        "type-detect": {
          "version": "4.0.8",
          "bundled": true
        },
        "wrappy": {
          "version": "1.0.2",
          "bundled": true
        }
      }
    },
    "get-func-name": {
      "version": "2.0.0",
      "resolved": "https://registry.npmjs.org/get-func-name/-/get-func-name-2.0.0.tgz",
      "integrity": "sha1-6td0q+5y4gQJQzoGY2YCPdaIekE=",
      "dev": true
    },
    "minimal-dom": {
      "version": "file:../minimal-dom",
      "dependencies": {
        "@sinonjs/commons": {
          "version": "1.4.0",
          "bundled": true,
          "requires": {
            "type-detect": "4.0.8"
          }
        },
        "@sinonjs/formatio": {
          "version": "2.0.0",
          "bundled": true,
          "requires": {
            "samsam": "1.3.0"
          }
        },
        "@sinonjs/samsam": {
          "version": "3.3.1",
          "bundled": true,
          "requires": {
            "@sinonjs/commons": "^1.0.2",
            "array-from": "^2.1.1",
            "lodash": "^4.17.11"
          }
        },
        "@sinonjs/text-encoding": {
          "version": "0.7.1",
          "bundled": true
        },
        "array-from": {
          "version": "2.1.1",
          "bundled": true
        },
        "assertion-error": {
          "version": "1.1.0",
          "bundled": true
        },
        "chai": {
          "version": "4.2.0",
          "bundled": true,
          "requires": {
            "assertion-error": "^1.1.0",
            "check-error": "^1.0.2",
            "deep-eql": "^3.0.1",
            "get-func-name": "^2.0.0",
            "pathval": "^1.1.0",
            "type-detect": "^4.0.5"
          }
        },
        "check-error": {
          "version": "1.0.2",
          "bundled": true
        },
        "deep-eql": {
          "version": "3.0.1",
          "bundled": true,
          "requires": {
            "type-detect": "^4.0.0"
          }
        },
        "diff": {
          "version": "3.5.0",
          "bundled": true
        },
        "expressive-test": {
          "version": "0.0.2",
          "bundled": true,
          "requires": {
            "chai": "^4.1.2",
            "expressive-test-util": "file:../expressive-test-util",
            "glob": "^7.1.2"
          },
          "dependencies": {
            "@sinonjs/commons": {
              "version": "1.4.0",
              "bundled": true,
              "requires": {
                "type-detect": "4.0.8"
              }
            },
            "@sinonjs/formatio": {
              "version": "2.0.0",
              "bundled": true,
              "requires": {
                "samsam": "1.3.0"
              }
            },
            "@sinonjs/samsam": {
              "version": "3.3.1",
              "bundled": true,
              "requires": {
                "@sinonjs/commons": "^1.0.2",
                "array-from": "^2.1.1",
                "lodash": "^4.17.11"
              }
            },
            "@sinonjs/text-encoding": {
              "version": "0.7.1",
              "bundled": true
            },
            "array-from": {
              "version": "2.1.1",
              "bundled": true
            },
            "assertion-error": {
              "version": "1.1.0",
              "bundled": true
            },
            "balanced-match": {
              "version": "1.0.0",
              "bundled": true
            },
            "brace-expansion": {
              "version": "1.1.11",
              "bundled": true,
              "requires": {
                "balanced-match": "^1.0.0",
                "concat-map": "0.0.1"
              }
            },
            "chai": {
              "version": "4.2.0",
              "bundled": true,
              "requires": {
                "assertion-error": "^1.1.0",
                "check-error": "^1.0.2",
                "deep-eql": "^3.0.1",
                "get-func-name": "^2.0.0",
                "pathval": "^1.1.0",
                "type-detect": "^4.0.5"
              }
            },
            "chai-as-promised": {
              "version": "7.1.1",
              "bundled": true,
              "requires": {
                "check-error": "^1.0.2"
              }
            },
            "check-error": {
              "version": "1.0.2",
              "bundled": true
            },
            "concat-map": {
              "version": "0.0.1",
              "bundled": true
            },
            "deep-eql": {
              "version": "3.0.1",
              "bundled": true,
              "requires": {
                "type-detect": "^4.0.0"
              }
            },
            "diff": {
              "version": "3.5.0",
              "bundled": true
            },
            "expressive-test-util": {
              "version": "file:../expressive-test-util",
              "bundled": true,
              "requires": {
                "extend": "^3.0.1"
              },
              "dependencies": {
                "@sinonjs/commons": {
                  "version": "1.4.0",
                  "bundled": true,
                  "requires": {
                    "type-detect": "4.0.8"
                  }
                },
                "@sinonjs/formatio": {
                  "version": "2.0.0",
                  "bundled": true,
                  "requires": {
                    "samsam": "1.3.0"
                  }
                },
                "@sinonjs/samsam": {
                  "version": "3.3.1",
                  "bundled": true,
                  "requires": {
                    "@sinonjs/commons": "^1.0.2",
                    "array-from": "^2.1.1",
                    "lodash": "^4.17.11"
                  }
                },
                "@sinonjs/text-encoding": {
                  "version": "0.7.1",
                  "bundled": true
                },
                "array-from": {
                  "version": "2.1.1",
                  "bundled": true
                },
                "assertion-error": {
                  "version": "1.1.0",
                  "bundled": true
                },
                "chai": {
                  "version": "4.2.0",
                  "bundled": true,
                  "requires": {
                    "assertion-error": "^1.1.0",
                    "check-error": "^1.0.2",
                    "deep-eql": "^3.0.1",
                    "get-func-name": "^2.0.0",
                    "pathval": "^1.1.0",
                    "type-detect": "^4.0.5"
                  }
                },
                "chai-as-promised": {
                  "version": "7.1.1",
                  "bundled": true,
                  "requires": {
                    "check-error": "^1.0.2"
                  }
                },
                "check-error": {
                  "version": "1.0.2",
                  "bundled": true
                },
                "deep-eql": {
                  "version": "3.0.1",
                  "bundled": true,
                  "requires": {
                    "type-detect": "^4.0.0"
                  }
                },
                "diff": {
                  "version": "3.5.0",
                  "bundled": true
                },
                "expressive-test": {
                  "version": "0.0.2",
                  "bundled": true,
                  "requires": {
                    "chai": "^4.1.2",
                    "expressive-test-util": "file:../expressive-test-util",
                    "glob": "^7.1.2"
                  },
                  "dependencies": {
                    "@sinonjs/commons": {
                      "version": "1.4.0",
                      "bundled": true,
                      "requires": {
                        "type-detect": "4.0.8"
                      }
                    },
                    "@sinonjs/formatio": {
                      "version": "2.0.0",
                      "bundled": true,
                      "requires": {
                        "samsam": "1.3.0"
                      }
                    },
                    "@sinonjs/samsam": {
                      "version": "3.3.1",
                      "bundled": true,
                      "requires": {
                        "@sinonjs/commons": "^1.0.2",
                        "array-from": "^2.1.1",
                        "lodash": "^4.17.11"
                      }
                    },
                    "@sinonjs/text-encoding": {
                      "version": "0.7.1",
                      "bundled": true
                    },
                    "array-from": {
                      "version": "2.1.1",
                      "bundled": true
                    },
                    "assertion-error": {
                      "version": "1.1.0",
                      "bundled": true
                    },
                    "balanced-match": {
                      "version": "1.0.0",
                      "bundled": true
                    },
                    "brace-expansion": {
                      "version": "1.1.11",
                      "bundled": true,
                      "requires": {
                        "balanced-match": "^1.0.0",
                        "concat-map": "0.0.1"
                      }
                    },
                    "chai": {
                      "version": "4.2.0",
                      "bundled": true,
                      "requires": {
                        "assertion-error": "^1.1.0",
                        "check-error": "^1.0.2",
                        "deep-eql": "^3.0.1",
                        "get-func-name": "^2.0.0",
                        "pathval": "^1.1.0",
                        "type-detect": "^4.0.5"
                      }
                    },
                    "chai-as-promised": {
                      "version": "7.1.1",
                      "bundled": true,
                      "requires": {
                        "check-error": "^1.0.2"
                      }
                    },
                    "check-error": {
                      "version": "1.0.2",
                      "bundled": true
                    },
                    "concat-map": {
                      "version": "0.0.1",
                      "bundled": true
                    },
                    "deep-eql": {
                      "version": "3.0.1",
                      "bundled": true,
                      "requires": {
                        "type-detect": "^4.0.0"
                      }
                    },
                    "diff": {
                      "version": "3.5.0",
                      "bundled": true
                    },
                    "expressive-test-util": {
                      "version": "file:../expressive-test-util",
                      "bundled": true,
                      "requires": {
                        "extend": "^3.0.1"
                      },
                      "dependencies": {}
                    },
                    "fs.realpath": {
                      "version": "1.0.0",
                      "bundled": true
                    },
                    "get-func-name": {
                      "version": "2.0.0",
                      "bundled": true
                    },
                    "glob": {
                      "version": "7.1.3",
                      "bundled": true,
                      "requires": {
                        "fs.realpath": "^1.0.0",
                        "inflight": "^1.0.4",
                        "inherits": "2",
                        "minimatch": "^3.0.4",
                        "once": "^1.3.0",
                        "path-is-absolute": "^1.0.0"
                      }
                    },
                    "has-flag": {
                      "version": "3.0.0",
                      "bundled": true
                    },
                    "inflight": {
                      "version": "1.0.6",
                      "bundled": true,
                      "requires": {
                        "once": "^1.3.0",
                        "wrappy": "1"
                      }
                    },
                    "inherits": {
                      "version": "2.0.3",
                      "bundled": true
                    },
                    "isarray": {
                      "version": "0.0.1",
                      "bundled": true
                    },
                    "just-extend": {
                      "version": "4.0.2",
                      "bundled": true
                    },
                    "lodash": {
                      "version": "4.17.11",
                      "bundled": true
                    },
                    "lodash.get": {
                      "version": "4.4.2",
                      "bundled": true
                    },
                    "lolex": {
                      "version": "2.7.5",
                      "bundled": true
                    },
                    "minimatch": {
                      "version": "3.0.4",
                      "bundled": true,
                      "requires": {
                        "brace-expansion": "^1.1.7"
                      }
                    },
                    "mock-fs": {
                      "version": "4.8.0",
                      "bundled": true
                    },
                    "nise": {
                      "version": "1.4.10",
                      "bundled": true,
                      "requires": {
                        "@sinonjs/formatio": "^3.1.0",
                        "@sinonjs/text-encoding": "^0.7.1",
                        "just-extend": "^4.0.2",
                        "lolex": "^2.3.2",
                        "path-to-regexp": "^1.7.0"
                      },
                      "dependencies": {
                        "@sinonjs/formatio": {
                          "version": "3.2.1",
                          "bundled": true,
                          "requires": {
                            "@sinonjs/commons": "^1",
                            "@sinonjs/samsam": "^3.1.0"
                          }
                        }
                      }
                    },
                    "once": {
                      "version": "1.4.0",
                      "bundled": true,
                      "requires": {
                        "wrappy": "1"
                      }
                    },
                    "path-is-absolute": {
                      "version": "1.0.1",
                      "bundled": true
                    },
                    "path-to-regexp": {
                      "version": "1.7.0",
                      "bundled": true,
                      "requires": {
                        "isarray": "0.0.1"
                      }
                    },
                    "pathval": {
                      "version": "1.1.0",
                      "bundled": true
                    },
                    "samsam": {
                      "version": "1.3.0",
                      "bundled": true
                    },
                    "sinon": {
                      "version": "4.5.0",
                      "bundled": true,
                      "requires": {
                        "@sinonjs/formatio": "^2.0.0",
                        "diff": "^3.1.0",
                        "lodash.get": "^4.4.2",
                        "lolex": "^2.2.0",
                        "nise": "^1.2.0",
                        "supports-color": "^5.1.0",
                        "type-detect": "^4.0.5"
                      }
                    },
                    "sinon-chai": {
                      "version": "2.14.0",
                      "bundled": true
                    },
                    "supports-color": {
                      "version": "5.5.0",
                      "bundled": true,
                      "requires": {
                        "has-flag": "^3.0.0"
                      }
                    },
                    "type-detect": {
                      "version": "4.0.8",
                      "bundled": true
                    },
                    "wrappy": {
                      "version": "1.0.2",
                      "bundled": true
                    }
                  }
                },
                "extend": {
                  "version": "3.0.2",
                  "bundled": true
                },
                "get-func-name": {
                  "version": "2.0.0",
                  "bundled": true
                },
                "has-flag": {
                  "version": "3.0.0",
                  "bundled": true
                },
                "isarray": {
                  "version": "0.0.1",
                  "bundled": true
                },
                "just-extend": {
                  "version": "4.0.2",
                  "bundled": true
                },
                "lodash": {
                  "version": "4.17.11",
                  "bundled": true
                },
                "lodash.get": {
                  "version": "4.4.2",
                  "bundled": true
                },
                "lolex": {
                  "version": "2.7.5",
                  "bundled": true
                },
                "mock-fs": {
                  "version": "4.8.0",
                  "bundled": true
                },
                "nise": {
                  "version": "1.4.10",
                  "bundled": true,
                  "requires": {
                    "@sinonjs/formatio": "^3.1.0",
                    "@sinonjs/text-encoding": "^0.7.1",
                    "just-extend": "^4.0.2",
                    "lolex": "^2.3.2",
                    "path-to-regexp": "^1.7.0"
                  },
                  "dependencies": {
                    "@sinonjs/formatio": {
                      "version": "3.2.1",
                      "bundled": true,
                      "requires": {
                        "@sinonjs/commons": "^1",
                        "@sinonjs/samsam": "^3.1.0"
                      }
                    }
                  }
                },
                "path-to-regexp": {
                  "version": "1.7.0",
                  "bundled": true,
                  "requires": {
                    "isarray": "0.0.1"
                  }
                },
                "pathval": {
                  "version": "1.1.0",
                  "bundled": true
                },
                "samsam": {
                  "version": "1.3.0",
                  "bundled": true
                },
                "sinon": {
                  "version": "4.5.0",
                  "bundled": true,
                  "requires": {
                    "@sinonjs/formatio": "^2.0.0",
                    "diff": "^3.1.0",
                    "lodash.get": "^4.4.2",
                    "lolex": "^2.2.0",
                    "nise": "^1.2.0",
                    "supports-color": "^5.1.0",
                    "type-detect": "^4.0.5"
                  }
                },
                "sinon-chai": {
                  "version": "2.14.0",
                  "bundled": true
                },
                "supports-color": {
                  "version": "5.5.0",
                  "bundled": true,
                  "requires": {
                    "has-flag": "^3.0.0"
                  }
                },
                "type-detect": {
                  "version": "4.0.8",
                  "bundled": true
                }
              }
            },
            "fs.realpath": {
              "version": "1.0.0",
              "bundled": true
            },
            "get-func-name": {
              "version": "2.0.0",
              "bundled": true
            },
            "glob": {
              "version": "7.1.3",
              "bundled": true,
              "requires": {
                "fs.realpath": "^1.0.0",
                "inflight": "^1.0.4",
                "inherits": "2",
                "minimatch": "^3.0.4",
                "once": "^1.3.0",
                "path-is-absolute": "^1.0.0"
              }
            },
            "has-flag": {
              "version": "3.0.0",
              "bundled": true
            },
            "inflight": {
              "version": "1.0.6",
              "bundled": true,
              "requires": {
                "once": "^1.3.0",
                "wrappy": "1"
              }
            },
            "inherits": {
              "version": "2.0.3",
              "bundled": true
            },
            "isarray": {
              "version": "0.0.1",
              "bundled": true
            },
            "just-extend": {
              "version": "4.0.2",
              "bundled": true
            },
            "lodash": {
              "version": "4.17.11",
              "bundled": true
            },
            "lodash.get": {
              "version": "4.4.2",
              "bundled": true
            },
            "lolex": {
              "version": "2.7.5",
              "bundled": true
            },
            "minimatch": {
              "version": "3.0.4",
              "bundled": true,
              "requires": {
                "brace-expansion": "^1.1.7"
              }
            },
            "mock-fs": {
              "version": "4.8.0",
              "bundled": true
            },
            "nise": {
              "version": "1.4.10",
              "bundled": true,
              "requires": {
                "@sinonjs/formatio": "^3.1.0",
                "@sinonjs/text-encoding": "^0.7.1",
                "just-extend": "^4.0.2",
                "lolex": "^2.3.2",
                "path-to-regexp": "^1.7.0"
              },
              "dependencies": {}
            },
            "once": {
              "version": "1.4.0",
              "bundled": true,
              "requires": {
                "wrappy": "1"
              }
            },
            "path-is-absolute": {
              "version": "1.0.1",
              "bundled": true
            },
            "path-to-regexp": {
              "version": "1.7.0",
              "bundled": true,
              "requires": {
                "isarray": "0.0.1"
              }
            },
            "pathval": {
              "version": "1.1.0",
              "bundled": true
            },
            "samsam": {
              "version": "1.3.0",
              "bundled": true
            },
            "sinon": {
              "version": "4.5.0",
              "bundled": true,
              "requires": {
                "@sinonjs/formatio": "^2.0.0",
                "diff": "^3.1.0",
                "lodash.get": "^4.4.2",
                "lolex": "^2.2.0",
                "nise": "^1.2.0",
                "supports-color": "^5.1.0",
                "type-detect": "^4.0.5"
              }
            },
            "sinon-chai": {
              "version": "2.14.0",
              "bundled": true
            },
            "supports-color": {
              "version": "5.5.0",
              "bundled": true,
              "requires": {
                "has-flag": "^3.0.0"
              }
            },
            "type-detect": {
              "version": "4.0.8",
              "bundled": true
            },
            "wrappy": {
              "version": "1.0.2",
              "bundled": true
            }
          }
        },
        "get-func-name": {
          "version": "2.0.0",
          "bundled": true
        },
        "has-flag": {
          "version": "3.0.0",
          "bundled": true
        },
        "isarray": {
          "version": "0.0.1",
          "bundled": true
        },
        "just-extend": {
          "version": "4.0.2",
          "bundled": true
        },
        "lodash": {
          "version": "4.17.11",
          "bundled": true
        },
        "lodash.get": {
          "version": "4.4.2",
          "bundled": true
        },
        "lolex": {
          "version": "2.7.5",
          "bundled": true
        },
        "nise": {
          "version": "1.4.10",
          "bundled": true,
          "requires": {
            "@sinonjs/formatio": "^3.1.0",
            "@sinonjs/text-encoding": "^0.7.1",
            "just-extend": "^4.0.2",
            "lolex": "^2.3.2",
            "path-to-regexp": "^1.7.0"
          },
          "dependencies": {
            "@sinonjs/formatio": {
              "version": "3.2.1",
              "bundled": true,
              "requires": {
                "@sinonjs/commons": "^1",
                "@sinonjs/samsam": "^3.1.0"
              }
            }
          }
        },
        "path-to-regexp": {
          "version": "1.7.0",
          "bundled": true,
          "requires": {
            "isarray": "0.0.1"
          }
        },
        "pathval": {
          "version": "1.1.0",
          "bundled": true
        },
        "samsam": {
          "version": "1.3.0",
          "bundled": true
        },
        "sinon": {
          "version": "4.5.0",
          "bundled": true,
          "requires": {
            "@sinonjs/formatio": "^2.0.0",
            "diff": "^3.1.0",
            "lodash.get": "^4.4.2",
            "lolex": "^2.2.0",
            "nise": "^1.2.0",
            "supports-color": "^5.1.0",
            "type-detect": "^4.0.5"
          }
        },
        "sinon-chai": {
          "version": "2.14.0",
          "bundled": true
        },
        "supports-color": {
          "version": "5.5.0",
          "bundled": true,
          "requires": {
            "has-flag": "^3.0.0"
          }
        },
        "type-detect": {
          "version": "4.0.8",
          "bundled": true
        }
      }
    },
    "pathval": {
      "version": "1.1.0",
      "resolved": "https://registry.npmjs.org/pathval/-/pathval-1.1.0.tgz",
      "integrity": "sha1-uULm1L3mUwBe9rcTYd74cn0GReA=",
      "dev": true
    },
    "type-detect": {
      "version": "4.0.8",
      "resolved": "https://registry.npmjs.org/type-detect/-/type-detect-4.0.8.tgz",
      "integrity": "sha512-0fr/mIH1dlO+x7TlcMy+bIDqKPsw/70tVyeHW787goQjhmqaZe10uwLujubK9q9Lg6Fiho1KUKDYz0Z7k7g5/g==",
      "dev": true
    }
  }
}
