{
  "name": "minimal-xml-parser",
  "version": "0.1.0",
  "lockfileVersion": 1,
  "requires": true,
  "dependencies": {
    "assertion-error": {
      "version": "1.1.0",
      "resolved": "https://registry.npmjs.org/assertion-error/-/assertion-error-1.1.0.tgz",
      "integrity": "sha512-jgsaNduz+ndvGyFt3uSuWqvy4lCnIJiovtouQN5JZHOKCS2QuhEdbcQHFhVksz2N2U9hXJo8odG7ETyWlEeuDw==",
      "dev": true
    },
    "chai": {
      "version": "4.2.0",
      "resolved": "https://registry.npmjs.org/chai/-/chai-4.2.0.tgz",
      "integrity": "sha512-XQU3bhBukrOsQCuwZndwGcCVQHyZi53fQ6Ys1Fym7E4olpIqqZZhhoFJoaKVvV17lWQoXYwgWN2nF5crA8J2jw==",
      "dev": true,
      "requires": {
        "assertion-error": "^1.1.0",
        "check-error": "^1.0.2",
        "deep-eql": "^3.0.1",
        "get-func-name": "^2.0.0",
        "pathval": "^1.1.0",
        "type-detect": "^4.0.5"
      }
    },
    "check-error": {
      "version": "1.0.2",
      "resolved": "https://registry.npmjs.org/check-error/-/check-error-1.0.2.tgz",
      "integrity": "sha1-V00xLt2Iu13YkS6Sht1sCu1KrII=",
      "dev": true
    },
    "deep-eql": {
      "version": "3.0.1",
      "resolved": "https://registry.npmjs.org/deep-eql/-/deep-eql-3.0.1.tgz",
      "integrity": "sha512-+QeIQyN5ZuO+3Uk5DYh6/1eKO0m0YmJFGNmFHGACpf1ClL1nmlV/p4gNgbl2pJGxgXb4faqo6UE+M5ACEMyVcw==",
      "dev": true,
      "requires": {
        "type-detect": "^4.0.0"
      }
    },
    "expressive-test": {
      "version": "file:../expressive-test",
      "dev": true,
      "requires": {
        "chai": "^4.1.2",
        "expressive-test-util": "file:../expressive-test-util",
        "glob": "^7.1.2"
      },
      "dependencies": {
        "@sinonjs/commons": {
          "version": "1.4.0",
          "resolved": "https://registry.npmjs.org/@sinonjs/commons/-/commons-1.4.0.tgz",
          "integrity": "sha512-9jHK3YF/8HtJ9wCAbG+j8cD0i0+ATS9A7gXFqS36TblLPNy6rEEc+SB0imo91eCboGaBYGV/MT1/br/J+EE7Tw==",
          "requires": {
            "type-detect": "4.0.8"
          }
        },
        "@sinonjs/formatio": {
          "version": "2.0.0",
          "resolved": "https://registry.npmjs.org/@sinonjs/formatio/-/formatio-2.0.0.tgz",
          "integrity": "sha512-ls6CAMA6/5gG+O/IdsBcblvnd8qcO/l1TYoNeAzp3wcISOxlPXQEus0mLcdwazEkWjaBdaJ3TaxmNgCLWwvWzg=="
        },
        "@sinonjs/samsam": {
          "version": "3.3.1",
          "resolved": "https://registry.npmjs.org/@sinonjs/samsam/-/samsam-3.3.1.tgz",
          "integrity": "sha512-wRSfmyd81swH0hA1bxJZJ57xr22kC07a1N4zuIL47yTS04bDk6AoCkczcqHEjcRPmJ+FruGJ9WBQiJwMtIElFw==",
          "requires": {
            "@sinonjs/commons": "^1.0.2"
          }
        },
        "assertion-error": {
          "version": "1.1.0",
          "resolved": "https://registry.npmjs.org/assertion-error/-/assertion-error-1.1.0.tgz",
          "integrity": "sha512-jgsaNduz+ndvGyFt3uSuWqvy4lCnIJiovtouQN5JZHOKCS2QuhEdbcQHFhVksz2N2U9hXJo8odG7ETyWlEeuDw=="
        },
        "balanced-match": {
          "version": "1.0.0",
          "resolved": "https://registry.npmjs.org/balanced-match/-/balanced-match-1.0.0.tgz",
          "integrity": "sha1-ibTRmasr7kneFk6gK4nORi1xt2c="
        },
        "brace-expansion": {
          "version": "1.1.11",
          "resolved": "https://registry.npmjs.org/brace-expansion/-/brace-expansion-1.1.11.tgz",
          "integrity": "sha512-iCuPHDFgrHX7H2vEI/5xpz07zSHB00TpugqhmYtVmMO6518mCuRMoOYFldEBl0g187ufozdaHgWKcYFb61qGiA==",
          "requires": {
            "balanced-match": "^1.0.0",
            "concat-map": "0.0.1"
          }
        },
        "chai": {
          "version": "4.2.0",
          "resolved": "https://registry.npmjs.org/chai/-/chai-4.2.0.tgz",
          "integrity": "sha512-XQU3bhBukrOsQCuwZndwGcCVQHyZi53fQ6Ys1Fym7E4olpIqqZZhhoFJoaKVvV17lWQoXYwgWN2nF5crA8J2jw==",
          "requires": {
            "assertion-error": "^1.1.0",
            "check-error": "^1.0.2",
            "deep-eql": "^3.0.1",
            "get-func-name": "^2.0.0",
            "pathval": "^1.1.0",
            "type-detect": "^4.0.5"
          }
        },
        "chai-as-promised": {
          "version": "7.1.1",
          "resolved": "https://registry.npmjs.org/chai-as-promised/-/chai-as-promised-7.1.1.tgz",
          "integrity": "sha512-azL6xMoi+uxu6z4rhWQ1jbdUhOMhis2PvscD/xjLqNMkv3BPPp2JyyuTHOrf9BOosGpNQ11v6BKv/g57RXbiaA==",
          "requires": {
            "check-error": "^1.0.2"
          }
        },
        "check-error": {
          "version": "1.0.2",
          "resolved": "https://registry.npmjs.org/check-error/-/check-error-1.0.2.tgz",
          "integrity": "sha1-V00xLt2Iu13YkS6Sht1sCu1KrII="
        },
        "concat-map": {
          "version": "0.0.1",
          "resolved": "https://registry.npmjs.org/concat-map/-/concat-map-0.0.1.tgz",
          "integrity": "sha1-2Klr13/Wjfd5OnMDajug1UBdR3s="
        },
        "deep-eql": {
          "version": "3.0.1",
          "resolved": "https://registry.npmjs.org/deep-eql/-/deep-eql-3.0.1.tgz",
          "integrity": "sha512-+QeIQyN5ZuO+3Uk5DYh6/1eKO0m0YmJFGNmFHGACpf1ClL1nmlV/p4gNgbl2pJGxgXb4faqo6UE+M5ACEMyVcw==",
          "requires": {
            "type-detect": "^4.0.0"
          }
        },
        "expressive-test-util": {
          "version": "file:../expressive-test-util",
          "requires": {
            "extend": "^3.0.1"
          },
          "dependencies": {
            "expressive-test": {
              "requires": {
                "chai": "^4.1.2",
                "expressive-test-util": "file:../expressive-test-util",
                "glob": "^7.1.2"
              },
              "dependencies": {
                "@sinonjs/commons": {
                  "version": "1.4.0",
                  "resolved": "https://registry.npmjs.org/@sinonjs/commons/-/commons-1.4.0.tgz",
                  "integrity": "sha512-9jHK3YF/8HtJ9wCAbG+j8cD0i0+ATS9A7gXFqS36TblLPNy6rEEc+SB0imo91eCboGaBYGV/MT1/br/J+EE7Tw==",
                  "requires": {
                    "type-detect": "4.0.8"
                  }
                },
                "@sinonjs/formatio": {
                  "version": "2.0.0",
                  "resolved": "https://registry.npmjs.org/@sinonjs/formatio/-/formatio-2.0.0.tgz",
                  "integrity": "sha512-ls6CAMA6/5gG+O/IdsBcblvnd8qcO/l1TYoNeAzp3wcISOxlPXQEus0mLcdwazEkWjaBdaJ3TaxmNgCLWwvWzg=="
                },
                "@sinonjs/samsam": {
                  "version": "3.3.1",
                  "resolved": "https://registry.npmjs.org/@sinonjs/samsam/-/samsam-3.3.1.tgz",
                  "integrity": "sha512-wRSfmyd81swH0hA1bxJZJ57xr22kC07a1N4zuIL47yTS04bDk6AoCkczcqHEjcRPmJ+FruGJ9WBQiJwMtIElFw==",
                  "requires": {
                    "@sinonjs/commons": "^1.0.2"
                  }
                },
                "assertion-error": {
                  "version": "1.1.0",
                  "resolved": "https://registry.npmjs.org/assertion-error/-/assertion-error-1.1.0.tgz",
                  "integrity": "sha512-jgsaNduz+ndvGyFt3uSuWqvy4lCnIJiovtouQN5JZHOKCS2QuhEdbcQHFhVksz2N2U9hXJo8odG7ETyWlEeuDw=="
                },
                "balanced-match": {
                  "version": "1.0.0",
                  "resolved": "https://registry.npmjs.org/balanced-match/-/balanced-match-1.0.0.tgz",
                  "integrity": "sha1-ibTRmasr7kneFk6gK4nORi1xt2c="
                },
                "brace-expansion": {
                  "version": "1.1.11",
                  "resolved": "https://registry.npmjs.org/brace-expansion/-/brace-expansion-1.1.11.tgz",
                  "integrity": "sha512-iCuPHDFgrHX7H2vEI/5xpz07zSHB00TpugqhmYtVmMO6518mCuRMoOYFldEBl0g187ufozdaHgWKcYFb61qGiA==",
                  "requires": {
                    "balanced-match": "^1.0.0",
                    "concat-map": "0.0.1"
                  }
                },
                "chai": {
                  "version": "4.2.0",
                  "resolved": "https://registry.npmjs.org/chai/-/chai-4.2.0.tgz",
                  "integrity": "sha512-XQU3bhBukrOsQCuwZndwGcCVQHyZi53fQ6Ys1Fym7E4olpIqqZZhhoFJoaKVvV17lWQoXYwgWN2nF5crA8J2jw==",
                  "requires": {
                    "assertion-error": "^1.1.0",
                    "check-error": "^1.0.2",
                    "deep-eql": "^3.0.1",
                    "get-func-name": "^2.0.0",
                    "pathval": "^1.1.0",
                    "type-detect": "^4.0.5"
                  }
                },
                "chai-as-promised": {
                  "version": "7.1.1",
                  "resolved": "https://registry.npmjs.org/chai-as-promised/-/chai-as-promised-7.1.1.tgz",
                  "integrity": "sha512-azL6xMoi+uxu6z4rhWQ1jbdUhOMhis2PvscD/xjLqNMkv3BPPp2JyyuTHOrf9BOosGpNQ11v6BKv/g57RXbiaA==",
                  "requires": {
                    "check-error": "^1.0.2"
                  }
                },
                "check-error": {
                  "version": "1.0.2",
                  "resolved": "https://registry.npmjs.org/check-error/-/check-error-1.0.2.tgz",
                  "integrity": "sha1-V00xLt2Iu13YkS6Sht1sCu1KrII="
                },
                "concat-map": {
                  "version": "0.0.1",
                  "resolved": "https://registry.npmjs.org/concat-map/-/concat-map-0.0.1.tgz",
                  "integrity": "sha1-2Klr13/Wjfd5OnMDajug1UBdR3s="
                },
                "deep-eql": {
                  "version": "3.0.1",
                  "resolved": "https://registry.npmjs.org/deep-eql/-/deep-eql-3.0.1.tgz",
                  "integrity": "sha512-+QeIQyN5ZuO+3Uk5DYh6/1eKO0m0YmJFGNmFHGACpf1ClL1nmlV/p4gNgbl2pJGxgXb4faqo6UE+M5ACEMyVcw==",
                  "requires": {
                    "type-detect": "^4.0.0"
                  }
                },
                "expressive-test-util": {
                  "version": "file:../expressive-test-util",
                  "requires": {
                    "extend": "^3.0.1"
                  },
                  "dependencies": {}
                },
                "fs.realpath": {
                  "version": "1.0.0",
                  "resolved": "https://registry.npmjs.org/fs.realpath/-/fs.realpath-1.0.0.tgz",
                  "integrity": "sha1-FQStJSMVjKpA20onh8sBQRmU6k8="
                },
                "get-func-name": {
                  "version": "2.0.0",
                  "resolved": "https://registry.npmjs.org/get-func-name/-/get-func-name-2.0.0.tgz",
                  "integrity": "sha1-6td0q+5y4gQJQzoGY2YCPdaIekE="
                },
                "glob": {
                  "version": "7.1.3",
                  "resolved": "https://registry.npmjs.org/glob/-/glob-7.1.3.tgz",
                  "integrity": "sha512-vcfuiIxogLV4DlGBHIUOwI0IbrJ8HWPc4MU7HzviGeNho/UJDfi6B5p3sHeWIQ0KGIU0Jpxi5ZHxemQfLkkAwQ==",
                  "requires": {
                    "fs.realpath": "^1.0.0",
                    "inflight": "^1.0.4",
                    "inherits": "2",
                    "minimatch": "^3.0.4",
                    "once": "^1.3.0",
                    "path-is-absolute": "^1.0.0"
                  }
                },
                "inflight": {
                  "version": "1.0.6",
                  "resolved": "https://registry.npmjs.org/inflight/-/inflight-1.0.6.tgz",
                  "integrity": "sha1-Sb1jMdfQLQwJvJEKEHW6gWW1bfk=",
                  "requires": {
                    "once": "^1.3.0",
                    "wrappy": "1"
                  }
                },
                "inherits": {
                  "version": "2.0.3",
                  "resolved": "https://registry.npmjs.org/inherits/-/inherits-2.0.3.tgz",
                  "integrity": "sha1-Yzwsg+PaQqUC9SRmAiSA9CCCYd4="
                },
                "minimatch": {
                  "version": "3.0.4",
                  "resolved": "https://registry.npmjs.org/minimatch/-/minimatch-3.0.4.tgz",
                  "integrity": "sha512-yJHVQEhyqPLUTgt9B83PXu6W3rx4MvvHvSUvToogpwoGDOUQ+yDrR0HRot+yOCdCO7u4hX3pWft6kWBBcqh0UA==",
                  "requires": {
                    "brace-expansion": "^1.1.7"
                  }
                },
                "nise": {
                  "version": "1.4.10",
                  "resolved": "https://registry.npmjs.org/nise/-/nise-1.4.10.tgz",
                  "integrity": "sha512-sa0RRbj53dovjc7wombHmVli9ZihXbXCQ2uH3TNm03DyvOSIQbxg+pbqDKrk2oxMK1rtLGVlKxcB9rrc6X5YjA==",
                  "requires": {
                    "@sinonjs/formatio": "^3.1.0",
                    "path-to-regexp": "^1.7.0"
                  },
                  "dependencies": {
                    "@sinonjs/formatio": {
                      "version": "3.2.1",
                      "resolved": "https://registry.npmjs.org/@sinonjs/formatio/-/formatio-3.2.1.tgz",
                      "integrity": "sha512-tsHvOB24rvyvV2+zKMmPkZ7dXX6LSLKZ7aOtXY6Edklp0uRcgGpOsQTTGTcWViFyx4uhWc6GV8QdnALbIbIdeQ==",
                      "requires": {
                        "@sinonjs/commons": "^1",
                        "@sinonjs/samsam": "^3.1.0"
                      }
                    }
                  }
                },
                "once": {
                  "version": "1.4.0",
                  "resolved": "https://registry.npmjs.org/once/-/once-1.4.0.tgz",
                  "integrity": "sha1-WDsap3WWHUsROsF9nFC6753Xa9E=",
                  "requires": {
                    "wrappy": "1"
                  }
                },
                "path-is-absolute": {
                  "version": "1.0.1",
                  "resolved": "https://registry.npmjs.org/path-is-absolute/-/path-is-absolute-1.0.1.tgz",
                  "integrity": "sha1-F0uSaHNVNP+8es5r9TpanhtcX18="
                },
                "path-to-regexp": {
                  "version": "1.7.0",
                  "resolved": "https://registry.npmjs.org/path-to-regexp/-/path-to-regexp-1.7.0.tgz",
                  "integrity": "sha1-Wf3g9DW62suhA6hOnTvGTpa5k30="
                },
                "pathval": {
                  "version": "1.1.0",
                  "resolved": "https://registry.npmjs.org/pathval/-/pathval-1.1.0.tgz",
                  "integrity": "sha1-uULm1L3mUwBe9rcTYd74cn0GReA="
                },
                "sinon": {
                  "version": "4.5.0",
                  "resolved": "https://registry.npmjs.org/sinon/-/sinon-4.5.0.tgz",
                  "integrity": "sha512-trdx+mB0VBBgoYucy6a9L7/jfQOmvGeaKZT4OOJ+lPAtI8623xyGr8wLiE4eojzBS8G9yXbhx42GHUOVLr4X2w==",
                  "requires": {
                    "@sinonjs/formatio": "^2.0.0",
                    "nise": "^1.2.0",
                    "supports-color": "^5.1.0",
                    "type-detect": "^4.0.5"
                  }
                },
                "supports-color": {
                  "version": "5.5.0",
                  "resolved": "https://registry.npmjs.org/supports-color/-/supports-color-5.5.0.tgz",
                  "integrity": "sha512-QjVjwdXIt408MIiAqCX4oUKsgU2EqAGzs2Ppkm4aQYbjm+ZEWEcW4SfFNTr4uMNZma0ey4f5lgLrkB0aX0QMow=="
                },
                "type-detect": {
                  "version": "4.0.8",
                  "resolved": "https://registry.npmjs.org/type-detect/-/type-detect-4.0.8.tgz",
                  "integrity": "sha512-0fr/mIH1dlO+x7TlcMy+bIDqKPsw/70tVyeHW787goQjhmqaZe10uwLujubK9q9Lg6Fiho1KUKDYz0Z7k7g5/g=="
                },
                "wrappy": {
                  "version": "1.0.2",
                  "resolved": "https://registry.npmjs.org/wrappy/-/wrappy-1.0.2.tgz",
                  "integrity": "sha1-tSQ9jz7BqjXxNkYFvA0QNuMKtp8="
                }
              }
            },
            "extend": {
              "version": "3.0.2",
              "resolved": "https://registry.npmjs.org/extend/-/extend-3.0.2.tgz",
              "integrity": "sha512-fjquC59cD7CyW6urNXK0FBufkZcoiGG80wTuPujX590cB5Ttln20E2UB4S/WARVqhXffZl2LNgS+gQdPIIim/g=="
            },
            "get-func-name": {
              "version": "2.0.0",
              "resolved": "https://registry.npmjs.org/get-func-name/-/get-func-name-2.0.0.tgz",
              "integrity": "sha1-6td0q+5y4gQJQzoGY2YCPdaIekE="
            },
            "has-flag": {
              "version": "3.0.0",
              "resolved": "https://registry.npmjs.org/has-flag/-/has-flag-3.0.0.tgz",
              "integrity": "sha1-tdRU3CGZriJWmfNGfloH87lVuv0="
            },
            "isarray": {
              "version": "0.0.1",
              "resolved": "https://registry.npmjs.org/isarray/-/isarray-0.0.1.tgz",
              "integrity": "sha1-ihis/Kmo9Bd+Cav8YDiTmwXR7t8="
            },
            "just-extend": {
              "version": "4.0.2",
              "resolved": "https://registry.npmjs.org/just-extend/-/just-extend-4.0.2.tgz",
              "integrity": "sha512-FrLwOgm+iXrPV+5zDU6Jqu4gCRXbWEQg2O3SKONsWE4w7AXFRkryS53bpWdaL9cNol+AmR3AEYz6kn+o0fCPnw=="
            },
            "lodash": {
              "version": "4.17.11",
              "resolved": "https://registry.npmjs.org/lodash/-/lodash-4.17.11.tgz",
              "integrity": "sha512-cQKh8igo5QUhZ7lg38DYWAxMvjSAKG0A8wGSVimP07SIUEK2UO+arSRKbRZWtelMtN5V0Hkwh5ryOto/SshYIg=="
            },
            "lodash.get": {
              "version": "4.4.2",
              "resolved": "https://registry.npmjs.org/lodash.get/-/lodash.get-4.4.2.tgz",
              "integrity": "sha1-LRd/ZS+jHpObRDjVNBSZ36OCXpk="
            },
            "lolex": {
              "version": "2.7.5",
              "resolved": "https://registry.npmjs.org/lolex/-/lolex-2.7.5.tgz",
              "integrity": "sha512-l9x0+1offnKKIzYVjyXU2SiwhXDLekRzKyhnbyldPHvC7BvLPVpdNUNR2KeMAiCN2D/kLNttZgQD5WjSxuBx3Q=="
            },
            "mock-fs": {
              "version": "4.8.0",
              "resolved": "https://registry.npmjs.org/mock-fs/-/mock-fs-4.8.0.tgz",
              "integrity": "sha512-Gwj4KnJOW15YeTJKO5frFd/WDO5Mc0zxXqL9oHx3+e9rBqW8EVARqQHSaIXznUdljrD6pvbNGW2ZGXKPEfYJfw=="
            },
            "nise": {
              "version": "1.4.10",
              "resolved": "https://registry.npmjs.org/nise/-/nise-1.4.10.tgz",
              "integrity": "sha512-sa0RRbj53dovjc7wombHmVli9ZihXbXCQ2uH3TNm03DyvOSIQbxg+pbqDKrk2oxMK1rtLGVlKxcB9rrc6X5YjA==",
              "requires": {
                "@sinonjs/formatio": "^3.1.0",
                "just-extend": "^4.0.2",
                "lolex": "^2.3.2",
                "path-to-regexp": "^1.7.0"
              },
              "dependencies": {
                "@sinonjs/formatio": {
                  "version": "3.2.1",
                  "resolved": "https://registry.npmjs.org/@sinonjs/formatio/-/formatio-3.2.1.tgz",
                  "integrity": "sha512-tsHvOB24rvyvV2+zKMmPkZ7dXX6LSLKZ7aOtXY6Edklp0uRcgGpOsQTTGTcWViFyx4uhWc6GV8QdnALbIbIdeQ=="
                }
              }
            },
            "path-to-regexp": {
              "version": "1.7.0",
              "resolved": "https://registry.npmjs.org/path-to-regexp/-/path-to-regexp-1.7.0.tgz",
              "integrity": "sha1-Wf3g9DW62suhA6hOnTvGTpa5k30=",
              "requires": {
                "isarray": "0.0.1"
              }
            },
            "pathval": {
              "version": "1.1.0",
              "resolved": "https://registry.npmjs.org/pathval/-/pathval-1.1.0.tgz",
              "integrity": "sha1-uULm1L3mUwBe9rcTYd74cn0GReA="
            },
            "samsam": {
              "version": "1.3.0",
              "resolved": "https://registry.npmjs.org/samsam/-/samsam-1.3.0.tgz",
              "integrity": "sha512-1HwIYD/8UlOtFS3QO3w7ey+SdSDFE4HRNLZoZRYVQefrOY3l17epswImeB1ijgJFQJodIaHcwkp3r/myBjFVbg=="
            },
            "sinon": {
              "version": "4.5.0",
              "resolved": "https://registry.npmjs.org/sinon/-/sinon-4.5.0.tgz",
              "integrity": "sha512-trdx+mB0VBBgoYucy6a9L7/jfQOmvGeaKZT4OOJ+lPAtI8623xyGr8wLiE4eojzBS8G9yXbhx42GHUOVLr4X2w==",
              "requires": {
                "lodash.get": "^4.4.2",
                "lolex": "^2.2.0",
                "nise": "^1.2.0",
                "supports-color": "^5.1.0",
                "type-detect": "^4.0.5"
              }
            },
            "sinon-chai": {
              "version": "2.14.0",
              "resolved": "https://registry.npmjs.org/sinon-chai/-/sinon-chai-2.14.0.tgz",
              "integrity": "sha512-9stIF1utB0ywNHNT7RgiXbdmen8QDCRsrTjw+G9TgKt1Yexjiv8TOWZ6WHsTPz57Yky3DIswZvEqX8fpuHNDtQ=="
            },
            "supports-color": {
              "version": "5.5.0",
              "resolved": "https://registry.npmjs.org/supports-color/-/supports-color-5.5.0.tgz",
              "integrity": "sha512-QjVjwdXIt408MIiAqCX4oUKsgU2EqAGzs2Ppkm4aQYbjm+ZEWEcW4SfFNTr4uMNZma0ey4f5lgLrkB0aX0QMow==",
              "requires": {
                "has-flag": "^3.0.0"
              }
            },
            "type-detect": {
              "version": "4.0.8",
              "resolved": "https://registry.npmjs.org/type-detect/-/type-detect-4.0.8.tgz",
              "integrity": "sha512-0fr/mIH1dlO+x7TlcMy+bIDqKPsw/70tVyeHW787goQjhmqaZe10uwLujubK9q9Lg6Fiho1KUKDYz0Z7k7g5/g=="
            }
          }
        },
        "fs.realpath": {
          "version": "1.0.0",
          "resolved": "https://registry.npmjs.org/fs.realpath/-/fs.realpath-1.0.0.tgz",
          "integrity": "sha1-FQStJSMVjKpA20onh8sBQRmU6k8="
        },
        "get-func-name": {
          "version": "2.0.0",
          "resolved": "https://registry.npmjs.org/get-func-name/-/get-func-name-2.0.0.tgz",
          "integrity": "sha1-6td0q+5y4gQJQzoGY2YCPdaIekE="
        },
        "glob": {
          "version": "7.1.3",
          "resolved": "https://registry.npmjs.org/glob/-/glob-7.1.3.tgz",
          "integrity": "sha512-vcfuiIxogLV4DlGBHIUOwI0IbrJ8HWPc4MU7HzviGeNho/UJDfi6B5p3sHeWIQ0KGIU0Jpxi5ZHxemQfLkkAwQ==",
          "requires": {
            "fs.realpath": "^1.0.0",
            "inflight": "^1.0.4",
            "inherits": "2",
            "minimatch": "^3.0.4",
            "once": "^1.3.0",
            "path-is-absolute": "^1.0.0"
          }
        },
        "inflight": {
          "version": "1.0.6",
          "resolved": "https://registry.npmjs.org/inflight/-/inflight-1.0.6.tgz",
          "integrity": "sha1-Sb1jMdfQLQwJvJEKEHW6gWW1bfk=",
          "requires": {
            "once": "^1.3.0",
            "wrappy": "1"
          }
        },
        "inherits": {
          "version": "2.0.3",
          "resolved": "https://registry.npmjs.org/inherits/-/inherits-2.0.3.tgz",
          "integrity": "sha1-Yzwsg+PaQqUC9SRmAiSA9CCCYd4="
        },
        "minimatch": {
          "version": "3.0.4",
          "resolved": "https://registry.npmjs.org/minimatch/-/minimatch-3.0.4.tgz",
          "integrity": "sha512-yJHVQEhyqPLUTgt9B83PXu6W3rx4MvvHvSUvToogpwoGDOUQ+yDrR0HRot+yOCdCO7u4hX3pWft6kWBBcqh0UA==",
          "requires": {
            "brace-expansion": "^1.1.7"
          }
        },
        "nise": {
          "version": "1.4.10",
          "resolved": "https://registry.npmjs.org/nise/-/nise-1.4.10.tgz",
          "integrity": "sha512-sa0RRbj53dovjc7wombHmVli9ZihXbXCQ2uH3TNm03DyvOSIQbxg+pbqDKrk2oxMK1rtLGVlKxcB9rrc6X5YjA==",
          "requires": {
            "@sinonjs/formatio": "^3.1.0",
            "path-to-regexp": "^1.7.0"
          },
          "dependencies": {}
        },
        "once": {
          "version": "1.4.0",
          "resolved": "https://registry.npmjs.org/once/-/once-1.4.0.tgz",
          "integrity": "sha1-WDsap3WWHUsROsF9nFC6753Xa9E=",
          "requires": {
            "wrappy": "1"
          }
        },
        "path-is-absolute": {
          "version": "1.0.1",
          "resolved": "https://registry.npmjs.org/path-is-absolute/-/path-is-absolute-1.0.1.tgz",
          "integrity": "sha1-F0uSaHNVNP+8es5r9TpanhtcX18="
        },
        "path-to-regexp": {
          "version": "1.7.0",
          "resolved": "https://registry.npmjs.org/path-to-regexp/-/path-to-regexp-1.7.0.tgz",
          "integrity": "sha1-Wf3g9DW62suhA6hOnTvGTpa5k30="
        },
        "pathval": {
          "version": "1.1.0",
          "resolved": "https://registry.npmjs.org/pathval/-/pathval-1.1.0.tgz",
          "integrity": "sha1-uULm1L3mUwBe9rcTYd74cn0GReA="
        },
        "sinon": {
          "version": "4.5.0",
          "resolved": "https://registry.npmjs.org/sinon/-/sinon-4.5.0.tgz",
          "integrity": "sha512-trdx+mB0VBBgoYucy6a9L7/jfQOmvGeaKZT4OOJ+lPAtI8623xyGr8wLiE4eojzBS8G9yXbhx42GHUOVLr4X2w==",
          "requires": {
            "@sinonjs/formatio": "^2.0.0",
            "nise": "^1.2.0",
            "supports-color": "^5.1.0",
            "type-detect": "^4.0.5"
          }
        },
        "supports-color": {
          "version": "5.5.0",
          "resolved": "https://registry.npmjs.org/supports-color/-/supports-color-5.5.0.tgz",
          "integrity": "sha512-QjVjwdXIt408MIiAqCX4oUKsgU2EqAGzs2Ppkm4aQYbjm+ZEWEcW4SfFNTr4uMNZma0ey4f5lgLrkB0aX0QMow=="
        },
        "type-detect": {
          "version": "4.0.8",
          "resolved": "https://registry.npmjs.org/type-detect/-/type-detect-4.0.8.tgz",
          "integrity": "sha512-0fr/mIH1dlO+x7TlcMy+bIDqKPsw/70tVyeHW787goQjhmqaZe10uwLujubK9q9Lg6Fiho1KUKDYz0Z7k7g5/g=="
        },
        "wrappy": {
          "version": "1.0.2",
          "resolved": "https://registry.npmjs.org/wrappy/-/wrappy-1.0.2.tgz",
          "integrity": "sha1-tSQ9jz7BqjXxNkYFvA0QNuMKtp8="
        }
      }
    },
    "get-func-name": {
      "version": "2.0.0",
      "resolved": "https://registry.npmjs.org/get-func-name/-/get-func-name-2.0.0.tgz",
      "integrity": "sha1-6td0q+5y4gQJQzoGY2YCPdaIekE=",
      "dev": true
    },
    "minimal-dom": {
      "version": "file:../minimal-dom",
      "dev": true,
      "dependencies": {
        "@sinonjs/commons": {
          "version": "1.4.0",
          "resolved": "https://registry.npmjs.org/@sinonjs/commons/-/commons-1.4.0.tgz",
          "integrity": "sha512-9jHK3YF/8HtJ9wCAbG+j8cD0i0+ATS9A7gXFqS36TblLPNy6rEEc+SB0imo91eCboGaBYGV/MT1/br/J+EE7Tw==",
          "requires": {
            "type-detect": "4.0.8"
          }
        },
        "@sinonjs/formatio": {
          "version": "2.0.0",
          "resolved": "https://registry.npmjs.org/@sinonjs/formatio/-/formatio-2.0.0.tgz",
          "integrity": "sha512-ls6CAMA6/5gG+O/IdsBcblvnd8qcO/l1TYoNeAzp3wcISOxlPXQEus0mLcdwazEkWjaBdaJ3TaxmNgCLWwvWzg==",
          "requires": {
            "samsam": "1.3.0"
          }
        },
        "@sinonjs/samsam": {
          "version": "3.3.1",
          "resolved": "https://registry.npmjs.org/@sinonjs/samsam/-/samsam-3.3.1.tgz",
          "integrity": "sha512-wRSfmyd81swH0hA1bxJZJ57xr22kC07a1N4zuIL47yTS04bDk6AoCkczcqHEjcRPmJ+FruGJ9WBQiJwMtIElFw==",
          "requires": {
            "@sinonjs/commons": "^1.0.2",
            "array-from": "^2.1.1",
            "lodash": "^4.17.11"
          }
        },
        "@sinonjs/text-encoding": {
          "version": "0.7.1",
          "resolved": "https://registry.npmjs.org/@sinonjs/text-encoding/-/text-encoding-0.7.1.tgz",
          "integrity": "sha512-+iTbntw2IZPb/anVDbypzfQa+ay64MW0Zo8aJ8gZPWMMK6/OubMVb6lUPMagqjOPnmtauXnFCACVl3O7ogjeqQ=="
        },
        "array-from": {
          "version": "2.1.1",
          "resolved": "https://registry.npmjs.org/array-from/-/array-from-2.1.1.tgz",
          "integrity": "sha1-z+nYwmYoudxa7MYqn12PHzUsEZU="
        },
        "assertion-error": {
          "version": "1.1.0",
          "resolved": "https://registry.npmjs.org/assertion-error/-/assertion-error-1.1.0.tgz",
          "integrity": "sha512-jgsaNduz+ndvGyFt3uSuWqvy4lCnIJiovtouQN5JZHOKCS2QuhEdbcQHFhVksz2N2U9hXJo8odG7ETyWlEeuDw=="
        },
        "chai": {
          "version": "4.2.0",
          "resolved": "https://registry.npmjs.org/chai/-/chai-4.2.0.tgz",
          "integrity": "sha512-XQU3bhBukrOsQCuwZndwGcCVQHyZi53fQ6Ys1Fym7E4olpIqqZZhhoFJoaKVvV17lWQoXYwgWN2nF5crA8J2jw==",
          "requires": {
            "assertion-error": "^1.1.0",
            "check-error": "^1.0.2",
            "deep-eql": "^3.0.1",
            "get-func-name": "^2.0.0",
            "pathval": "^1.1.0",
            "type-detect": "^4.0.5"
          }
        },
        "check-error": {
          "version": "1.0.2",
          "resolved": "https://registry.npmjs.org/check-error/-/check-error-1.0.2.tgz",
          "integrity": "sha1-V00xLt2Iu13YkS6Sht1sCu1KrII="
        },
        "deep-eql": {
          "version": "3.0.1",
          "resolved": "https://registry.npmjs.org/deep-eql/-/deep-eql-3.0.1.tgz",
          "integrity": "sha512-+QeIQyN5ZuO+3Uk5DYh6/1eKO0m0YmJFGNmFHGACpf1ClL1nmlV/p4gNgbl2pJGxgXb4faqo6UE+M5ACEMyVcw==",
          "requires": {
            "type-detect": "^4.0.0"
          }
        },
        "diff": {
          "version": "3.5.0",
          "resolved": "https://registry.npmjs.org/diff/-/diff-3.5.0.tgz",
          "integrity": "sha512-A46qtFgd+g7pDZinpnwiRJtxbC1hpgf0uzP3iG89scHk0AUC7A1TGxf5OiiOUv/JMZR8GOt8hL900hV0bOy5xA=="
        },
        "expressive-test": {
          "requires": {
            "chai": "^4.1.2",
            "expressive-test-util": "file:../expressive-test-util",
            "glob": "^7.1.2"
          },
          "dependencies": {
            "@sinonjs/commons": {
              "version": "1.4.0",
              "resolved": "https://registry.npmjs.org/@sinonjs/commons/-/commons-1.4.0.tgz",
              "integrity": "sha512-9jHK3YF/8HtJ9wCAbG+j8cD0i0+ATS9A7gXFqS36TblLPNy6rEEc+SB0imo91eCboGaBYGV/MT1/br/J+EE7Tw==",
              "requires": {
                "type-detect": "4.0.8"
              }
            },
            "@sinonjs/formatio": {
              "version": "2.0.0",
              "resolved": "https://registry.npmjs.org/@sinonjs/formatio/-/formatio-2.0.0.tgz",
              "integrity": "sha512-ls6CAMA6/5gG+O/IdsBcblvnd8qcO/l1TYoNeAzp3wcISOxlPXQEus0mLcdwazEkWjaBdaJ3TaxmNgCLWwvWzg=="
            },
            "@sinonjs/samsam": {
              "version": "3.3.1",
              "resolved": "https://registry.npmjs.org/@sinonjs/samsam/-/samsam-3.3.1.tgz",
              "integrity": "sha512-wRSfmyd81swH0hA1bxJZJ57xr22kC07a1N4zuIL47yTS04bDk6AoCkczcqHEjcRPmJ+FruGJ9WBQiJwMtIElFw==",
              "requires": {
                "@sinonjs/commons": "^1.0.2"
              }
            },
            "assertion-error": {
              "version": "1.1.0",
              "resolved": "https://registry.npmjs.org/assertion-error/-/assertion-error-1.1.0.tgz",
              "integrity": "sha512-jgsaNduz+ndvGyFt3uSuWqvy4lCnIJiovtouQN5JZHOKCS2QuhEdbcQHFhVksz2N2U9hXJo8odG7ETyWlEeuDw=="
            },
            "balanced-match": {
              "version": "1.0.0",
              "resolved": "https://registry.npmjs.org/balanced-match/-/balanced-match-1.0.0.tgz",
              "integrity": "sha1-ibTRmasr7kneFk6gK4nORi1xt2c="
            },
            "brace-expansion": {
              "version": "1.1.11",
              "resolved": "https://registry.npmjs.org/brace-expansion/-/brace-expansion-1.1.11.tgz",
              "integrity": "sha512-iCuPHDFgrHX7H2vEI/5xpz07zSHB00TpugqhmYtVmMO6518mCuRMoOYFldEBl0g187ufozdaHgWKcYFb61qGiA==",
              "requires": {
                "balanced-match": "^1.0.0",
                "concat-map": "0.0.1"
              }
            },
            "chai": {
              "version": "4.2.0",
              "resolved": "https://registry.npmjs.org/chai/-/chai-4.2.0.tgz",
              "integrity": "sha512-XQU3bhBukrOsQCuwZndwGcCVQHyZi53fQ6Ys1Fym7E4olpIqqZZhhoFJoaKVvV17lWQoXYwgWN2nF5crA8J2jw==",
              "requires": {
                "assertion-error": "^1.1.0",
                "check-error": "^1.0.2",
                "deep-eql": "^3.0.1",
                "get-func-name": "^2.0.0",
                "pathval": "^1.1.0",
                "type-detect": "^4.0.5"
              }
            },
            "chai-as-promised": {
              "version": "7.1.1",
              "resolved": "https://registry.npmjs.org/chai-as-promised/-/chai-as-promised-7.1.1.tgz",
              "integrity": "sha512-azL6xMoi+uxu6z4rhWQ1jbdUhOMhis2PvscD/xjLqNMkv3BPPp2JyyuTHOrf9BOosGpNQ11v6BKv/g57RXbiaA==",
              "requires": {
                "check-error": "^1.0.2"
              }
            },
            "check-error": {
              "version": "1.0.2",
              "resolved": "https://registry.npmjs.org/check-error/-/check-error-1.0.2.tgz",
              "integrity": "sha1-V00xLt2Iu13YkS6Sht1sCu1KrII="
            },
            "concat-map": {
              "version": "0.0.1",
              "resolved": "https://registry.npmjs.org/concat-map/-/concat-map-0.0.1.tgz",
              "integrity": "sha1-2Klr13/Wjfd5OnMDajug1UBdR3s="
            },
            "deep-eql": {
              "version": "3.0.1",
              "resolved": "https://registry.npmjs.org/deep-eql/-/deep-eql-3.0.1.tgz",
              "integrity": "sha512-+QeIQyN5ZuO+3Uk5DYh6/1eKO0m0YmJFGNmFHGACpf1ClL1nmlV/p4gNgbl2pJGxgXb4faqo6UE+M5ACEMyVcw==",
              "requires": {
                "type-detect": "^4.0.0"
              }
            },
            "expressive-test-util": {
              "version": "file:../expressive-test-util",
              "requires": {
                "extend": "^3.0.1"
              },
              "dependencies": {}
            },
            "fs.realpath": {
              "version": "1.0.0",
              "resolved": "https://registry.npmjs.org/fs.realpath/-/fs.realpath-1.0.0.tgz",
              "integrity": "sha1-FQStJSMVjKpA20onh8sBQRmU6k8="
            },
            "get-func-name": {
              "version": "2.0.0",
              "resolved": "https://registry.npmjs.org/get-func-name/-/get-func-name-2.0.0.tgz",
              "integrity": "sha1-6td0q+5y4gQJQzoGY2YCPdaIekE="
            },
            "glob": {
              "version": "7.1.3",
              "resolved": "https://registry.npmjs.org/glob/-/glob-7.1.3.tgz",
              "integrity": "sha512-vcfuiIxogLV4DlGBHIUOwI0IbrJ8HWPc4MU7HzviGeNho/UJDfi6B5p3sHeWIQ0KGIU0Jpxi5ZHxemQfLkkAwQ==",
              "requires": {
                "fs.realpath": "^1.0.0",
                "inflight": "^1.0.4",
                "inherits": "2",
                "minimatch": "^3.0.4",
                "once": "^1.3.0",
                "path-is-absolute": "^1.0.0"
              }
            },
            "inflight": {
              "version": "1.0.6",
              "resolved": "https://registry.npmjs.org/inflight/-/inflight-1.0.6.tgz",
              "integrity": "sha1-Sb1jMdfQLQwJvJEKEHW6gWW1bfk=",
              "requires": {
                "once": "^1.3.0",
                "wrappy": "1"
              }
            },
            "inherits": {
              "version": "2.0.3",
              "resolved": "https://registry.npmjs.org/inherits/-/inherits-2.0.3.tgz",
              "integrity": "sha1-Yzwsg+PaQqUC9SRmAiSA9CCCYd4="
            },
            "minimatch": {
              "version": "3.0.4",
              "resolved": "https://registry.npmjs.org/minimatch/-/minimatch-3.0.4.tgz",
              "integrity": "sha512-yJHVQEhyqPLUTgt9B83PXu6W3rx4MvvHvSUvToogpwoGDOUQ+yDrR0HRot+yOCdCO7u4hX3pWft6kWBBcqh0UA==",
              "requires": {
                "brace-expansion": "^1.1.7"
              }
            },
            "nise": {
              "version": "1.4.10",
              "resolved": "https://registry.npmjs.org/nise/-/nise-1.4.10.tgz",
              "integrity": "sha512-sa0RRbj53dovjc7wombHmVli9ZihXbXCQ2uH3TNm03DyvOSIQbxg+pbqDKrk2oxMK1rtLGVlKxcB9rrc6X5YjA==",
              "requires": {
                "@sinonjs/formatio": "^3.1.0",
                "path-to-regexp": "^1.7.0"
              },
              "dependencies": {}
            },
            "once": {
              "version": "1.4.0",
              "resolved": "https://registry.npmjs.org/once/-/once-1.4.0.tgz",
              "integrity": "sha1-WDsap3WWHUsROsF9nFC6753Xa9E=",
              "requires": {
                "wrappy": "1"
              }
            },
            "path-is-absolute": {
              "version": "1.0.1",
              "resolved": "https://registry.npmjs.org/path-is-absolute/-/path-is-absolute-1.0.1.tgz",
              "integrity": "sha1-F0uSaHNVNP+8es5r9TpanhtcX18="
            },
            "path-to-regexp": {
              "version": "1.7.0",
              "resolved": "https://registry.npmjs.org/path-to-regexp/-/path-to-regexp-1.7.0.tgz",
              "integrity": "sha1-Wf3g9DW62suhA6hOnTvGTpa5k30="
            },
            "pathval": {
              "version": "1.1.0",
              "resolved": "https://registry.npmjs.org/pathval/-/pathval-1.1.0.tgz",
              "integrity": "sha1-uULm1L3mUwBe9rcTYd74cn0GReA="
            },
            "sinon": {
              "version": "4.5.0",
              "resolved": "https://registry.npmjs.org/sinon/-/sinon-4.5.0.tgz",
              "integrity": "sha512-trdx+mB0VBBgoYucy6a9L7/jfQOmvGeaKZT4OOJ+lPAtI8623xyGr8wLiE4eojzBS8G9yXbhx42GHUOVLr4X2w==",
              "requires": {
                "@sinonjs/formatio": "^2.0.0",
                "nise": "^1.2.0",
                "supports-color": "^5.1.0",
                "type-detect": "^4.0.5"
              }
            },
            "supports-color": {
              "version": "5.5.0",
              "resolved": "https://registry.npmjs.org/supports-color/-/supports-color-5.5.0.tgz",
              "integrity": "sha512-QjVjwdXIt408MIiAqCX4oUKsgU2EqAGzs2Ppkm4aQYbjm+ZEWEcW4SfFNTr4uMNZma0ey4f5lgLrkB0aX0QMow=="
            },
            "type-detect": {
              "version": "4.0.8",
              "resolved": "https://registry.npmjs.org/type-detect/-/type-detect-4.0.8.tgz",
              "integrity": "sha512-0fr/mIH1dlO+x7TlcMy+bIDqKPsw/70tVyeHW787goQjhmqaZe10uwLujubK9q9Lg6Fiho1KUKDYz0Z7k7g5/g=="
            },
            "wrappy": {
              "version": "1.0.2",
              "resolved": "https://registry.npmjs.org/wrappy/-/wrappy-1.0.2.tgz",
              "integrity": "sha1-tSQ9jz7BqjXxNkYFvA0QNuMKtp8="
            }
          }
        },
        "get-func-name": {
          "version": "2.0.0",
          "resolved": "https://registry.npmjs.org/get-func-name/-/get-func-name-2.0.0.tgz",
          "integrity": "sha1-6td0q+5y4gQJQzoGY2YCPdaIekE="
        },
        "has-flag": {
          "version": "3.0.0",
          "resolved": "https://registry.npmjs.org/has-flag/-/has-flag-3.0.0.tgz",
          "integrity": "sha1-tdRU3CGZriJWmfNGfloH87lVuv0="
        },
        "isarray": {
          "version": "0.0.1",
          "resolved": "https://registry.npmjs.org/isarray/-/isarray-0.0.1.tgz",
          "integrity": "sha1-ihis/Kmo9Bd+Cav8YDiTmwXR7t8="
        },
        "just-extend": {
          "version": "4.0.2",
          "resolved": "https://registry.npmjs.org/just-extend/-/just-extend-4.0.2.tgz",
          "integrity": "sha512-FrLwOgm+iXrPV+5zDU6Jqu4gCRXbWEQg2O3SKONsWE4w7AXFRkryS53bpWdaL9cNol+AmR3AEYz6kn+o0fCPnw=="
        },
        "lodash": {
          "version": "4.17.15",
          "resolved": "https://registry.npmjs.org/lodash/-/lodash-4.17.15.tgz",
          "integrity": "sha512-8xOcRHvCjnocdS5cpwXQXVzmmh5e5+saE2QGoeQmbKmRS6J3VQppPOIt0MnmE+4xlZoumy0GPG0D0MVIQbNA1A=="
        },
        "lodash.get": {
          "version": "4.4.2",
          "resolved": "https://registry.npmjs.org/lodash.get/-/lodash.get-4.4.2.tgz",
          "integrity": "sha1-LRd/ZS+jHpObRDjVNBSZ36OCXpk="
        },
        "lolex": {
          "version": "2.7.5",
          "resolved": "https://registry.npmjs.org/lolex/-/lolex-2.7.5.tgz",
          "integrity": "sha512-l9x0+1offnKKIzYVjyXU2SiwhXDLekRzKyhnbyldPHvC7BvLPVpdNUNR2KeMAiCN2D/kLNttZgQD5WjSxuBx3Q=="
        },
        "nise": {
          "version": "1.4.10",
          "resolved": "https://registry.npmjs.org/nise/-/nise-1.4.10.tgz",
          "integrity": "sha512-sa0RRbj53dovjc7wombHmVli9ZihXbXCQ2uH3TNm03DyvOSIQbxg+pbqDKrk2oxMK1rtLGVlKxcB9rrc6X5YjA==",
          "requires": {
            "@sinonjs/formatio": "^3.1.0",
            "@sinonjs/text-encoding": "^0.7.1",
            "just-extend": "^4.0.2",
            "lolex": "^2.3.2",
            "path-to-regexp": "^1.7.0"
          },
          "dependencies": {
            "@sinonjs/formatio": {
              "version": "3.2.1",
              "resolved": "https://registry.npmjs.org/@sinonjs/formatio/-/formatio-3.2.1.tgz",
              "integrity": "sha512-tsHvOB24rvyvV2+zKMmPkZ7dXX6LSLKZ7aOtXY6Edklp0uRcgGpOsQTTGTcWViFyx4uhWc6GV8QdnALbIbIdeQ==",
              "requires": {
                "@sinonjs/commons": "^1",
                "@sinonjs/samsam": "^3.1.0"
              }
            }
          }
        },
        "path-to-regexp": {
          "version": "1.7.0",
          "resolved": "https://registry.npmjs.org/path-to-regexp/-/path-to-regexp-1.7.0.tgz",
          "integrity": "sha1-Wf3g9DW62suhA6hOnTvGTpa5k30=",
          "requires": {
            "isarray": "0.0.1"
          }
        },
        "pathval": {
          "version": "1.1.0",
          "resolved": "https://registry.npmjs.org/pathval/-/pathval-1.1.0.tgz",
          "integrity": "sha1-uULm1L3mUwBe9rcTYd74cn0GReA="
        },
        "samsam": {
          "version": "1.3.0",
          "resolved": "https://registry.npmjs.org/samsam/-/samsam-1.3.0.tgz",
          "integrity": "sha512-1HwIYD/8UlOtFS3QO3w7ey+SdSDFE4HRNLZoZRYVQefrOY3l17epswImeB1ijgJFQJodIaHcwkp3r/myBjFVbg=="
        },
        "sinon": {
          "version": "4.5.0",
          "resolved": "https://registry.npmjs.org/sinon/-/sinon-4.5.0.tgz",
          "integrity": "sha512-trdx+mB0VBBgoYucy6a9L7/jfQOmvGeaKZT4OOJ+lPAtI8623xyGr8wLiE4eojzBS8G9yXbhx42GHUOVLr4X2w==",
          "requires": {
            "@sinonjs/formatio": "^2.0.0",
            "diff": "^3.1.0",
            "lodash.get": "^4.4.2",
            "lolex": "^2.2.0",
            "nise": "^1.2.0",
            "supports-color": "^5.1.0",
            "type-detect": "^4.0.5"
          }
        },
        "sinon-chai": {
          "version": "2.14.0",
          "resolved": "https://registry.npmjs.org/sinon-chai/-/sinon-chai-2.14.0.tgz",
          "integrity": "sha512-9stIF1utB0ywNHNT7RgiXbdmen8QDCRsrTjw+G9TgKt1Yexjiv8TOWZ6WHsTPz57Yky3DIswZvEqX8fpuHNDtQ=="
        },
        "supports-color": {
          "version": "5.5.0",
          "resolved": "https://registry.npmjs.org/supports-color/-/supports-color-5.5.0.tgz",
          "integrity": "sha512-QjVjwdXIt408MIiAqCX4oUKsgU2EqAGzs2Ppkm4aQYbjm+ZEWEcW4SfFNTr4uMNZma0ey4f5lgLrkB0aX0QMow==",
          "requires": {
            "has-flag": "^3.0.0"
          }
        },
        "type-detect": {
          "version": "4.0.8",
          "resolved": "https://registry.npmjs.org/type-detect/-/type-detect-4.0.8.tgz",
          "integrity": "sha512-0fr/mIH1dlO+x7TlcMy+bIDqKPsw/70tVyeHW787goQjhmqaZe10uwLujubK9q9Lg6Fiho1KUKDYz0Z7k7g5/g=="
        }
      }
    },
    "pathval": {
      "version": "1.1.0",
      "resolved": "https://registry.npmjs.org/pathval/-/pathval-1.1.0.tgz",
      "integrity": "sha1-uULm1L3mUwBe9rcTYd74cn0GReA=",
      "dev": true
    },
    "type-detect": {
      "version": "4.0.8",
      "resolved": "https://registry.npmjs.org/type-detect/-/type-detect-4.0.8.tgz",
      "integrity": "sha512-0fr/mIH1dlO+x7TlcMy+bIDqKPsw/70tVyeHW787goQjhmqaZe10uwLujubK9q9Lg6Fiho1KUKDYz0Z7k7g5/g==",
      "dev": true
    }
  }
}
